
Microsoft Visual Studio Solution File, Format Version 12.00
# Visual Studio 2013
VisualStudioVersion = 12.0.21005.1
MinimumVisualStudioVersion = 10.0.40219.1
Project("{FAE04EC0-301F-11D3-BF4B-00C04F79EFBC}") = "EmitPrintLib", "EmitPrintLib\EmitPrintLib.csproj", "{7A59A8E1-E68B-4F50-ACFB-947006432E36}"
EndProject
Project("{FAE04EC0-301F-11D3-BF4B-00C04F79EFBC}") = "EmitPrintTest", "EmitPrintTest\EmitPrintTest.csproj", "{D3146605-1C91-431F-9098-6662218D1B07}"
EndProject
Project("{FAE04EC0-301F-11D3-BF4B-00C04F79EFBC}") = "SimpleConsoleTester", "SimpleConsoleTester\SimpleConsoleTester.csproj", "{DD80CE70-A362-4030-A997-A45346ABF453}"
EndProject
Project("{FAE04EC0-301F-11D3-BF4B-00C04F79EFBC}") = "Utils", "Utils\Utils.csproj", "{AD55897E-DED5-4819-9DF3-724D2DA7BC80}"
EndProject
Project("{2150E333-8FDC-42A3-9474-1A3956D46DE8}") = "Solution Items", "Solution Items", "{9353D823-A6CD-42A5-9DD0-2A905891D170}"
	ProjectSection(SolutionItems) = preProject
		Performance1.psess = Performance1.psess
	EndProjectSection
EndProject
Global
	GlobalSection(SolutionConfigurationPlatforms) = preSolution
		Debug|Any CPU = Debug|Any CPU
		Release|Any CPU = Release|Any CPU
	EndGlobalSection
	GlobalSection(ProjectConfigurationPlatforms) = postSolution
		{7A59A8E1-E68B-4F50-ACFB-947006432E36}.Debug|Any CPU.ActiveCfg = Debug|Any CPU
		{7A59A8E1-E68B-4F50-ACFB-947006432E36}.Debug|Any CPU.Build.0 = Debug|Any CPU
		{7A59A8E1-E68B-4F50-ACFB-947006432E36}.Release|Any CPU.ActiveCfg = Release|Any CPU
		{7A59A8E1-E68B-4F50-ACFB-947006432E36}.Release|Any CPU.Build.0 = Release|Any CPU
		{D3146605-1C91-431F-9098-6662218D1B07}.Debug|Any CPU.ActiveCfg = Debug|Any CPU
		{D3146605-1C91-431F-9098-6662218D1B07}.Debug|Any CPU.Build.0 = Debug|Any CPU
		{D3146605-1C91-431F-9098-6662218D1B07}.Release|Any CPU.ActiveCfg = Release|Any CPU
		{D3146605-1C91-431F-9098-6662218D1B07}.Release|Any CPU.Build.0 = Release|Any CPU
		{DD80CE70-A362-4030-A997-A45346ABF453}.Debug|Any CPU.ActiveCfg = Debug|Any CPU
		{DD80CE70-A362-4030-A997-A45346ABF453}.Debug|Any CPU.Build.0 = Debug|Any CPU
		{DD80CE70-A362-4030-A997-A45346ABF453}.Release|Any CPU.ActiveCfg = Release|Any CPU
		{DD80CE70-A362-4030-A997-A45346ABF453}.Release|Any CPU.Build.0 = Release|Any CPU
		{AD55897E-DED5-4819-9DF3-724D2DA7BC80}.Debug|Any CPU.ActiveCfg = Debug|Any CPU
		{AD55897E-DED5-4819-9DF3-724D2DA7BC80}.Debug|Any CPU.Build.0 = Debug|Any CPU
		{AD55897E-DED5-4819-9DF3-724D2DA7BC80}.Release|Any CPU.ActiveCfg = Release|Any CPU
		{AD55897E-DED5-4819-9DF3-724D2DA7BC80}.Release|Any CPU.Build.0 = Release|Any CPU
	EndGlobalSection
	GlobalSection(SolutionProperties) = preSolution
		HideSolutionNode = FALSE
	EndGlobalSection
	GlobalSection(ExtensibilityGlobals) = postSolution
		EnterpriseLibraryConfigurationToolBinariesPathV6 = packages\EnterpriseLibrary.Common.6.0.1304.0\lib\NET45
	EndGlobalSection
	GlobalSection(Performance) = preSolution
		HasPerformanceSessions = true
	EndGlobalSection
EndGlobal
